{
  "version": 4,
  "terraform_version": "1.6.6",
  "serial": 10,
  "lineage": "0897dc81-b5fd-31d3-a1e4-1fe37f686364",
  "outputs": {
    "argocd_service_account_email": {
      "value": "argocd-sa@full-stack-todo-app-463101.iam.gserviceaccount.com",
      "type": "string"
    },
    "cluster_endpoint": {
      "value": "34.134.25.211",
      "type": "string"
    },
    "cluster_name": {
      "value": "simple-gke-cluster",
      "type": "string"
    },
    "get_credentials_command": {
      "value": "gcloud container clusters get-credentials simple-gke-cluster --zone us-central1-a",
      "type": "string"
    }
  },
  "resources": [
    {
      "mode": "managed",
      "type": "google_container_cluster",
      "name": "simple_cluster",
      "provider": "provider[\"registry.terraform.io/hashicorp/google\"]",
      "instances": [
        {
          "schema_version": 2,
          "attributes": {
            "addons_config": [
              {
                "cloudrun_config": [],
                "config_connector_config": [],
                "dns_cache_config": [],
                "gce_persistent_disk_csi_driver_config": [
                  {
                    "enabled": true
                  }
                ],
                "gcp_filestore_csi_driver_config": [],
                "gcs_fuse_csi_driver_config": [],
                "gke_backup_agent_config": [],
                "horizontal_pod_autoscaling": [],
                "http_load_balancing": [],
                "network_policy_config": [
                  {
                    "disabled": false
                  }
                ],
                "ray_operator_config": [],
                "stateful_ha_config": []
              }
            ],
            "allow_net_admin": null,
            "authenticator_groups_config": [],
            "binary_authorization": [
              {
                "enabled": false,
                "evaluation_mode": ""
              }
            ],
            "cluster_autoscaling": [
              {
                "auto_provisioning_defaults": [],
                "auto_provisioning_locations": [],
                "autoscaling_profile": "BALANCED",
                "enabled": false,
                "resource_limits": []
              }
            ],
            "cluster_ipv4_cidr": "10.0.0.0/16",
            "confidential_nodes": [],
            "cost_management_config": [],
            "database_encryption": [
              {
                "key_name": "",
                "state": "DECRYPTED"
              }
            ],
            "datapath_provider": "",
            "default_max_pods_per_node": 110,
            "default_snat_status": [
              {
                "disabled": false
              }
            ],
            "deletion_protection": true,
            "description": "",
            "dns_config": [],
            "enable_autopilot": false,
            "enable_cilium_clusterwide_network_policy": false,
            "enable_intranode_visibility": false,
            "enable_k8s_beta_apis": [],
            "enable_kubernetes_alpha": false,
            "enable_l4_ilb_subsetting": false,
            "enable_legacy_abac": false,
            "enable_multi_networking": false,
            "enable_shielded_nodes": true,
            "enable_tpu": false,
            "endpoint": "34.134.25.211",
            "fleet": [],
            "gateway_api_config": [],
            "id": "projects/full-stack-todo-app-463101/locations/us-central1-a/clusters/simple-gke-cluster",
            "identity_service_config": [],
            "initial_node_count": 2,
            "ip_allocation_policy": [
              {
                "additional_pod_ranges_config": [],
                "cluster_ipv4_cidr_block": "10.0.0.0/16",
                "cluster_secondary_range_name": "gke-simple-gke-cluster-pods-6bac798e",
                "pod_cidr_overprovision_config": [
                  {
                    "disabled": false
                  }
                ],
                "services_ipv4_cidr_block": "10.1.0.0/16",
                "services_secondary_range_name": "gke-simple-gke-cluster-services-6bac798e",
                "stack_type": "IPV4"
              }
            ],
            "label_fingerprint": "a9dc16a7",
            "location": "us-central1-a",
            "logging_config": [
              {
                "enable_components": [
                  "SYSTEM_COMPONENTS",
                  "WORKLOADS"
                ]
              }
            ],
            "logging_service": "logging.googleapis.com/kubernetes",
            "maintenance_policy": [],
            "master_auth": [
              {
                "client_certificate": "",
                "client_certificate_config": [
                  {
                    "issue_client_certificate": false
                  }
                ],
                "client_key": "",
                "cluster_ca_certificate": "LS0tLS1CRUdJTiBDRVJUSUZJQ0FURS0tLS0tCk1JSUVMVENDQXBXZ0F3SUJBZ0lSQU0yS1hrQkZxdW1rcGZMZVJyZE56Q293RFFZSktvWklodmNOQVFFTEJRQXcKTHpFdE1Dc0dBMVVFQXhNa09HWmtZbUkxWkRRdE5XUTNOeTAwWW1RMUxXSTNPVE10Wkdaa05XTmpNakUzWmpNNApNQ0FYRFRJMU1EWXhOakF4TlRFd05Gb1lEekl3TlRVd05qQTVNREkxTVRBMFdqQXZNUzB3S3dZRFZRUURFeVE0ClptUmlZalZrTkMwMVpEYzNMVFJpWkRVdFlqYzVNeTFrWm1RMVkyTXlNVGRtTXpnd2dnR2lNQTBHQ1NxR1NJYjMKRFFFQkFRVUFBNElCandBd2dnR0tBb0lCZ1FEQkZTSUZsUm5jRmw4ODlJVDhBQkZSWUE4elVyMkZmT1BJaUZYagpqMC9vQlZIbWpDVzNHeTYvVnJ6anNHLzBXaDM4V1RybXo1MmduNDRYcUhzVkJ6R1hSbDRGaTBwakU5eUpjRmxSCmVUMkJlanI4am5KMWhIbXhoV0RNSmdiK2ZoTkYxQWhGMGdnNVNNVmhHcmtkbHZNMTFZY1BGVDBJbmRLOEdsS3YKaE9TWWZZK1JjaDlweTQvOHJGbitvNVk4SjZtYndIS1pPMkVCOWtHZjdSNnRHQUo3NkpDSTNvY2VHOHBXQWxZVgp6c1FodTdVTXdxV0NrUVk0RVdWM21Ha0dSanljbEl3d0h4bDFNQVBDeWpvdFgwYjZiSmEwMGlFOVJOWWJlYjNKCjMzeFRMaGN6cUhnaC9OMklrYkR0SWlCNlI1UW1UMFRvQkFZaHFabFRiOGc5REZ0NnhaSjMwTHYrMWhMR1k3NDMKR2ZqZUNZYnFlcGpPaEFEZUlnQ2htVlp3TTdSdzFnR2dudmZ5TFQ3a0puNGZYNFNmZTAxR2FGSEd1ZFkwUEljMwp1UmwrSlAzUVlaSzFBaEJtT2lWSUYwZ0t0dkw4akZ4TVdFakV0YlJNSHRRSmdiZlJhZzAyZ2RwYThQU2FtNVc5CllkclJQTHFLcm5SSzFiMHplcGw5SWIxUFJjRUNBd0VBQWFOQ01FQXdEZ1lEVlIwUEFRSC9CQVFEQWdJRU1BOEcKQTFVZEV3RUIvd1FGTUFNQkFmOHdIUVlEVlIwT0JCWUVGTll2cHE2Z1R1TXNpTGkwalUyMEM1dmF4bVhtTUEwRwpDU3FHU0liM0RRRUJDd1VBQTRJQmdRQVMrZ2s4dFF1VFUySERqSm0yaThWVVhyWXhOdkxxMGEzQVk0VlNabjl4CnNEdVdRNE91UXJ2TjRMZXVKYitlOHVMK2IxcnlxWkJIanh4aEdpclEySG13N1dkU2hFcU5qZmNJVFB5dTNVUmsKYjBpZ0VoNU4zL0ttVFA2aEZ6Y3IxQTE0RE5QMC9xL3NaMEVpWWVEQUpmU3VFMHBQVFVqaTFmczdkcHZZU3NncQozb2N5Y1lXY3RyZGRKNVlrSVc4SU5DYnhBUy95d0VpKy9LMVlKTWN3Z2NYQmVSSG5kb1VSdlZMTVlvVmp5RHlECmRGVHA2eGNmYmtXMzNwT1F3T1FlV20rL2tmTDRsY3ovN1JFU0krTXl1anc1aGxYMkJYMjVOOHpuSk44QUd5TWwKc0xMc0cvSUNUcTFCTm9IVVpiSmdaMzl0c0RjanJQUURQYTlheTI5Y25Xcmx0MFNHLzFQSUo3Q2xJYlJiT3RyQgplVHVjRFcvS1hzdFd2OEROcGJvTHBERnE5ckJOSlRvcDF2Q0VVNXRST2NvSE1KbVlLa1dkZGJHb0l5ekl5eVBwCitNc2wyWGwxUmk4OHN6VGJDL0gyaDBzYTBhMnFjcGlrcCtBbzYrMkNNd095bm1RdVdGSnE2amRxRU05M3dtSWkKUS9pM0trWnpla1NpTEd0RCt2bFlpZ2M9Ci0tLS0tRU5EIENFUlRJRklDQVRFLS0tLS0K"
              }
            ],
            "master_authorized_networks_config": [],
            "master_version": "1.32.4-gke.1353003",
            "mesh_certificates": [],
            "min_master_version": null,
            "monitoring_config": [
              {
                "advanced_datapath_observability_config": [
                  {
                    "enable_metrics": false,
                    "enable_relay": false,
                    "relay_mode": "DISABLED"
                  }
                ],
                "enable_components": [
                  "SYSTEM_COMPONENTS",
                  "DAEMONSET",
                  "DEPLOYMENT",
                  "STATEFULSET",
                  "JOBSET",
                  "STORAGE",
                  "HPA",
                  "POD",
                  "KUBELET",
                  "CADVISOR",
                  "DCGM"
                ],
                "managed_prometheus": [
                  {
                    "enabled": true
                  }
                ]
              }
            ],
            "monitoring_service": "monitoring.googleapis.com/kubernetes",
            "name": "simple-gke-cluster",
            "network": "projects/full-stack-todo-app-463101/global/networks/default",
            "network_policy": [
              {
                "enabled": true,
                "provider": ""
              }
            ],
            "networking_mode": "VPC_NATIVE",
            "node_config": [
              {
                "advanced_machine_features": [],
                "boot_disk_kms_key": "",
                "confidential_nodes": [],
                "containerd_config": [],
                "disk_size_gb": 20,
                "disk_type": "pd-balanced",
                "effective_taints": [],
                "enable_confidential_storage": false,
                "ephemeral_storage_local_ssd_config": [],
                "fast_socket": [],
                "gcfs_config": [],
                "guest_accelerator": [],
                "gvnic": [],
                "host_maintenance_policy": [],
                "image_type": "COS_CONTAINERD",
                "kubelet_config": [
                  {
                    "cpu_cfs_quota": false,
                    "cpu_cfs_quota_period": "",
                    "cpu_manager_policy": "",
                    "insecure_kubelet_readonly_port_enabled": "FALSE",
                    "pod_pids_limit": 0
                  }
                ],
                "labels": {},
                "linux_node_config": [],
                "local_nvme_ssd_block_config": [],
                "local_ssd_count": 0,
                "logging_variant": "DEFAULT",
                "machine_type": "e2-medium",
                "metadata": {
                  "disable-legacy-endpoints": "true"
                },
                "min_cpu_platform": "",
                "node_group": "",
                "oauth_scopes": [
                  "https://www.googleapis.com/auth/cloud-platform"
                ],
                "preemptible": false,
                "reservation_affinity": [],
                "resource_labels": {
                  "goog-gke-node-pool-provisioning-model": "on-demand"
                },
                "resource_manager_tags": null,
                "secondary_boot_disks": [],
                "service_account": "default",
                "shielded_instance_config": [
                  {
                    "enable_integrity_monitoring": true,
                    "enable_secure_boot": false
                  }
                ],
                "sole_tenant_config": [],
                "spot": false,
                "tags": null,
                "taint": [],
                "workload_metadata_config": [
                  {
                    "mode": "GKE_METADATA"
                  }
                ]
              }
            ],
            "node_locations": [],
            "node_pool": [
              {
                "autoscaling": [],
                "initial_node_count": 2,
                "instance_group_urls": [
                  "https://www.googleapis.com/compute/v1/projects/full-stack-todo-app-463101/zones/us-central1-a/instanceGroupManagers/gke-simple-gke-cluster-default-pool-e835276a-grp"
                ],
                "managed_instance_group_urls": [
                  "https://www.googleapis.com/compute/v1/projects/full-stack-todo-app-463101/zones/us-central1-a/instanceGroups/gke-simple-gke-cluster-default-pool-e835276a-grp"
                ],
                "management": [
                  {
                    "auto_repair": true,
                    "auto_upgrade": true
                  }
                ],
                "max_pods_per_node": 110,
                "name": "default-pool",
                "name_prefix": "",
                "network_config": [
                  {
                    "additional_node_network_configs": [],
                    "additional_pod_network_configs": [],
                    "create_pod_range": false,
                    "enable_private_nodes": false,
                    "network_performance_config": [],
                    "pod_cidr_overprovision_config": [],
                    "pod_ipv4_cidr_block": "10.0.0.0/16",
                    "pod_range": "gke-simple-gke-cluster-pods-6bac798e"
                  }
                ],
                "node_config": [
                  {
                    "advanced_machine_features": [],
                    "boot_disk_kms_key": "",
                    "confidential_nodes": [],
                    "containerd_config": [],
                    "disk_size_gb": 20,
                    "disk_type": "pd-balanced",
                    "effective_taints": [],
                    "enable_confidential_storage": false,
                    "ephemeral_storage_local_ssd_config": [],
                    "fast_socket": [],
                    "gcfs_config": [],
                    "guest_accelerator": [],
                    "gvnic": [],
                    "host_maintenance_policy": [],
                    "image_type": "COS_CONTAINERD",
                    "kubelet_config": [
                      {
                        "cpu_cfs_quota": false,
                        "cpu_cfs_quota_period": "",
                        "cpu_manager_policy": "",
                        "insecure_kubelet_readonly_port_enabled": "FALSE",
                        "pod_pids_limit": 0
                      }
                    ],
                    "labels": {},
                    "linux_node_config": [],
                    "local_nvme_ssd_block_config": [],
                    "local_ssd_count": 0,
                    "logging_variant": "DEFAULT",
                    "machine_type": "e2-medium",
                    "metadata": {
                      "disable-legacy-endpoints": "true"
                    },
                    "min_cpu_platform": "",
                    "node_group": "",
                    "oauth_scopes": [
                      "https://www.googleapis.com/auth/cloud-platform"
                    ],
                    "preemptible": false,
                    "reservation_affinity": [],
                    "resource_labels": {
                      "goog-gke-node-pool-provisioning-model": "on-demand"
                    },
                    "resource_manager_tags": {},
                    "secondary_boot_disks": [],
                    "service_account": "default",
                    "shielded_instance_config": [
                      {
                        "enable_integrity_monitoring": true,
                        "enable_secure_boot": false
                      }
                    ],
                    "sole_tenant_config": [],
                    "spot": false,
                    "tags": [],
                    "taint": [],
                    "workload_metadata_config": [
                      {
                        "mode": "GKE_METADATA"
                      }
                    ]
                  }
                ],
                "node_count": 2,
                "node_locations": [
                  "us-central1-a"
                ],
                "placement_policy": [],
                "queued_provisioning": [],
                "upgrade_settings": [
                  {
                    "blue_green_settings": [],
                    "max_surge": 1,
                    "max_unavailable": 0,
                    "strategy": "SURGE"
                  }
                ],
                "version": "1.32.4-gke.1353003"
              }
            ],
            "node_pool_auto_config": [
              {
                "network_tags": [],
                "node_kubelet_config": [
                  {
                    "insecure_kubelet_readonly_port_enabled": "FALSE"
                  }
                ],
                "resource_manager_tags": {}
              }
            ],
            "node_pool_defaults": [
              {
                "node_config_defaults": [
                  {
                    "containerd_config": [],
                    "insecure_kubelet_readonly_port_enabled": "FALSE",
                    "logging_variant": "DEFAULT"
                  }
                ]
              }
            ],
            "node_version": "1.32.4-gke.1353003",
            "notification_config": [
              {
                "pubsub": [
                  {
                    "enabled": false,
                    "filter": [],
                    "topic": ""
                  }
                ]
              }
            ],
            "operation": null,
            "private_cluster_config": [
              {
                "enable_private_endpoint": false,
                "enable_private_nodes": false,
                "master_global_access_config": [
                  {
                    "enabled": false
                  }
                ],
                "master_ipv4_cidr_block": "",
                "peering_name": "",
                "private_endpoint": "10.128.0.5",
                "private_endpoint_subnetwork": "",
                "public_endpoint": "34.134.25.211"
              }
            ],
            "private_ipv6_google_access": "",
            "project": "full-stack-todo-app-463101",
            "release_channel": [
              {
                "channel": "REGULAR"
              }
            ],
            "remove_default_node_pool": null,
            "resource_labels": null,
            "resource_usage_export_config": [],
            "security_posture_config": [
              {
                "mode": "BASIC",
                "vulnerability_mode": "VULNERABILITY_MODE_UNSPECIFIED"
              }
            ],
            "self_link": "https://container.googleapis.com/v1/projects/full-stack-todo-app-463101/zones/us-central1-a/clusters/simple-gke-cluster",
            "service_external_ips_config": [
              {
                "enabled": false
              }
            ],
            "services_ipv4_cidr": "10.1.0.0/16",
            "subnetwork": "projects/full-stack-todo-app-463101/regions/us-central1/subnetworks/default",
            "timeouts": null,
            "tpu_ipv4_cidr_block": "",
            "vertical_pod_autoscaling": [],
            "workload_identity_config": [
              {
                "workload_pool": "full-stack-todo-app-463101.svc.id.goog"
              }
            ]
          },
          "sensitive_attributes": [],
          "private": "eyJlMmJmYjczMC1lY2FhLTExZTYtOGY4OC0zNDM2M2JjN2M0YzAiOnsiY3JlYXRlIjoyNDAwMDAwMDAwMDAwLCJkZWxldGUiOjI0MDAwMDAwMDAwMDAsInJlYWQiOjI0MDAwMDAwMDAwMDAsInVwZGF0ZSI6MzYwMDAwMDAwMDAwMH0sInNjaGVtYV92ZXJzaW9uIjoiMiJ9",
          "dependencies": [
            "google_project_service.container"
          ]
        }
      ]
    },
    {
      "mode": "managed",
      "type": "google_project_iam_member",
      "name": "argocd_roles",
      "provider": "provider[\"registry.terraform.io/hashicorp/google\"]",
      "instances": [
        {
          "index_key": "roles/container.admin",
          "schema_version": 0,
          "attributes": {
            "condition": [],
            "etag": "BwY3p3iOLts=",
            "id": "full-stack-todo-app-463101/roles/container.admin/serviceAccount:argocd-sa@full-stack-todo-app-463101.iam.gserviceaccount.com",
            "member": "serviceAccount:argocd-sa@full-stack-todo-app-463101.iam.gserviceaccount.com",
            "project": "full-stack-todo-app-463101",
            "role": "roles/container.admin"
          },
          "sensitive_attributes": [],
          "private": "bnVsbA==",
          "dependencies": [
            "google_service_account.argocd"
          ]
        },
        {
          "index_key": "roles/iam.serviceAccountUser",
          "schema_version": 0,
          "attributes": {
            "condition": [],
            "etag": "BwY3p3iOLts=",
            "id": "full-stack-todo-app-463101/roles/iam.serviceAccountUser/serviceAccount:argocd-sa@full-stack-todo-app-463101.iam.gserviceaccount.com",
            "member": "serviceAccount:argocd-sa@full-stack-todo-app-463101.iam.gserviceaccount.com",
            "project": "full-stack-todo-app-463101",
            "role": "roles/iam.serviceAccountUser"
          },
          "sensitive_attributes": [],
          "private": "bnVsbA==",
          "dependencies": [
            "google_service_account.argocd"
          ]
        }
      ]
    },
    {
      "mode": "managed",
      "type": "google_project_service",
      "name": "container",
      "provider": "provider[\"registry.terraform.io/hashicorp/google\"]",
      "instances": [
        {
          "schema_version": 0,
          "attributes": {
            "disable_dependent_services": null,
            "disable_on_destroy": true,
            "id": "full-stack-todo-app-463101/container.googleapis.com",
            "project": "full-stack-todo-app-463101",
            "service": "container.googleapis.com",
            "timeouts": null
          },
          "sensitive_attributes": [],
          "private": "eyJlMmJmYjczMC1lY2FhLTExZTYtOGY4OC0zNDM2M2JjN2M0YzAiOnsiY3JlYXRlIjoxMjAwMDAwMDAwMDAwLCJkZWxldGUiOjEyMDAwMDAwMDAwMDAsInJlYWQiOjYwMDAwMDAwMDAwMCwidXBkYXRlIjoxMjAwMDAwMDAwMDAwfX0="
        }
      ]
    },
    {
      "mode": "managed",
      "type": "google_service_account",
      "name": "argocd",
      "provider": "provider[\"registry.terraform.io/hashicorp/google\"]",
      "instances": [
        {
          "schema_version": 0,
          "attributes": {
            "account_id": "argocd-sa",
            "create_ignore_already_exists": null,
            "description": "",
            "disabled": false,
            "display_name": "Service Account for ArgoCD",
            "email": "argocd-sa@full-stack-todo-app-463101.iam.gserviceaccount.com",
            "id": "projects/full-stack-todo-app-463101/serviceAccounts/argocd-sa@full-stack-todo-app-463101.iam.gserviceaccount.com",
            "member": "serviceAccount:argocd-sa@full-stack-todo-app-463101.iam.gserviceaccount.com",
            "name": "projects/full-stack-todo-app-463101/serviceAccounts/argocd-sa@full-stack-todo-app-463101.iam.gserviceaccount.com",
            "project": "full-stack-todo-app-463101",
            "timeouts": null,
            "unique_id": "111910537337333467738"
          },
          "sensitive_attributes": [],
          "private": "eyJlMmJmYjczMC1lY2FhLTExZTYtOGY4OC0zNDM2M2JjN2M0YzAiOnsiY3JlYXRlIjozMDAwMDAwMDAwMDB9fQ=="
        }
      ]
    }
  ],
  "check_results": null
}
